{
  "name": "impactprism-correctness-webpack-monorepo",
  "version": "1.0.0",
  "lockfileVersion": 3,
  "packages": {
    "": {
      "name": "impactprism-correctness-webpack-monorepo",
      "version": "1.0.0",
      "workspaces": ["apps/*", "packages/*"]
    },
    "apps/web": {
      "name": "impactprism-webpack-web",
      "version": "1.0.0"
    },
    "packages/ui": {
      "name": "impactprism-webpack-ui",
      "version": "1.0.0"
    }
  }
}
