{
  "name": "impactprism-correctness-dynamic-generated",
  "version": "1.0.0",
  "lockfileVersion": 3,
  "packages": {
    "": {
      "name": "impactprism-correctness-dynamic-generated",
      "version": "1.0.0",
      "workspaces": ["packages/*"]
    },
    "packages/app": {
      "name": "dynamic-generated-app",
      "version": "1.0.0",
      "dependencies": {
        "generated-runtime": "1.0.0",
        "runtime-loader": "1.0.0"
      }
    },
    "node_modules/generated-runtime": {
      "version": "1.0.0"
    },
    "node_modules/runtime-loader": {
      "version": "1.0.0"
    }
  }
}
