{
  "name": "impactprism-correctness-workspace",
  "version": "1.0.0",
  "lockfileVersion": 3,
  "packages": {
    "": {
      "name": "impactprism-correctness-workspace",
      "version": "1.0.0",
      "workspaces": ["packages/*"]
    },
    "node_modules/lodash": {
      "version": "4.17.21"
    },
    "packages/app": {
      "name": "correctness-app",
      "version": "1.0.0",
      "dependencies": {
        "lodash": "4.17.21"
      }
    }
  }
}
